<?xml version="1.0" encoding="utf-8"?>
<Project ToolsVersion="17.0" xmlns="http://schemas.microsoft.com/developer/msbuild/2003">
  <ItemGroup>
    <ClCompile Include="C:\Users\56838\Documents\llvm\cflat\src\main.cpp">
      <Filter>Source Files</Filter>
    </ClCompile>
    <ClCompile Include="C:\Users\56838\Documents\llvm\cflat\src\parser\CflatBaseListener.cpp">
      <Filter>Source Files</Filter>
    </ClCompile>
    <ClCompile Include="C:\Users\56838\Documents\llvm\cflat\src\parser\CflatBaseVisitor.cpp">
      <Filter>Source Files</Filter>
    </ClCompile>
    <ClCompile Include="C:\Users\56838\Documents\llvm\cflat\src\parser\CflatLexer.cpp">
      <Filter>Source Files</Filter>
    </ClCompile>
    <ClCompile Include="C:\Users\56838\Documents\llvm\cflat\src\parser\CflatListener.cpp">
      <Filter>Source Files</Filter>
    </ClCompile>
    <ClCompile Include="C:\Users\56838\Documents\llvm\cflat\src\parser\CflatParser.cpp">
      <Filter>Source Files</Filter>
    </ClCompile>
    <ClCompile Include="C:\Users\56838\Documents\llvm\cflat\src\parser\CflatVisitor.cpp">
      <Filter>Source Files</Filter>
    </ClCompile>
  </ItemGroup>
  <ItemGroup>
    <CustomBuild Include="C:\Users\56838\Documents\llvm\cflat\src\CMakeLists.txt" />
  </ItemGroup>
  <ItemGroup>
    <Filter Include="Source Files">
      <UniqueIdentifier>{454F5D35-B61C-3432-A9A6-F956CFF0A5FD}</UniqueIdentifier>
    </Filter>
  </ItemGroup>
</Project>
